
Microsoft Visual Studio Solution File, Format Version 12.00
# Visual Studio Version 17
VisualStudioVersion = 17.14.36121.58 d17.14
MinimumVisualStudioVersion = 10.0.40219.1
Project("{FAE04EC0-301F-11D3-BF4B-00C04F79EFBC}") = "Vistas", "TPINT_PERSONAL\Vistas.csproj", "{5F14E839-E37B-4469-B3C6-954E281AA16C}"
EndProject
Project("{FAE04EC0-301F-11D3-BF4B-00C04F79EFBC}") = "Negocio", "Negocio\Negocio.csproj", "{6462D3AC-249B-4178-A3BE-F99686A2D7CD}"
EndProject
Project("{FAE04EC0-301F-11D3-BF4B-00C04F79EFBC}") = "Datos", "Datos\Datos.csproj", "{5DBC6B96-597B-44C7-9B8F-1B59694E9613}"
EndProject
Project("{FAE04EC0-301F-11D3-BF4B-00C04F79EFBC}") = "Entidades", "Entidades\Entidades.csproj", "{1BA1C16A-6F83-42F1-87E2-7A793272D856}"
EndProject
Global
	GlobalSection(SolutionConfigurationPlatforms) = preSolution
		Debug|Any CPU = Debug|Any CPU
		Release|Any CPU = Release|Any CPU
	EndGlobalSection
	GlobalSection(ProjectConfigurationPlatforms) = postSolution
		{5F14E839-E37B-4469-B3C6-954E281AA16C}.Debug|Any CPU.ActiveCfg = Debug|Any CPU
		{5F14E839-E37B-4469-B3C6-954E281AA16C}.Debug|Any CPU.Build.0 = Debug|Any CPU
		{5F14E839-E37B-4469-B3C6-954E281AA16C}.Release|Any CPU.ActiveCfg = Release|Any CPU
		{5F14E839-E37B-4469-B3C6-954E281AA16C}.Release|Any CPU.Build.0 = Release|Any CPU
		{6462D3AC-249B-4178-A3BE-F99686A2D7CD}.Debug|Any CPU.ActiveCfg = Debug|Any CPU
		{6462D3AC-249B-4178-A3BE-F99686A2D7CD}.Debug|Any CPU.Build.0 = Debug|Any CPU
		{6462D3AC-249B-4178-A3BE-F99686A2D7CD}.Release|Any CPU.ActiveCfg = Release|Any CPU
		{6462D3AC-249B-4178-A3BE-F99686A2D7CD}.Release|Any CPU.Build.0 = Release|Any CPU
		{5DBC6B96-597B-44C7-9B8F-1B59694E9613}.Debug|Any CPU.ActiveCfg = Debug|Any CPU
		{5DBC6B96-597B-44C7-9B8F-1B59694E9613}.Debug|Any CPU.Build.0 = Debug|Any CPU
		{5DBC6B96-597B-44C7-9B8F-1B59694E9613}.Release|Any CPU.ActiveCfg = Release|Any CPU
		{5DBC6B96-597B-44C7-9B8F-1B59694E9613}.Release|Any CPU.Build.0 = Release|Any CPU
		{1BA1C16A-6F83-42F1-87E2-7A793272D856}.Debug|Any CPU.ActiveCfg = Debug|Any CPU
		{1BA1C16A-6F83-42F1-87E2-7A793272D856}.Debug|Any CPU.Build.0 = Debug|Any CPU
		{1BA1C16A-6F83-42F1-87E2-7A793272D856}.Release|Any CPU.ActiveCfg = Release|Any CPU
		{1BA1C16A-6F83-42F1-87E2-7A793272D856}.Release|Any CPU.Build.0 = Release|Any CPU
	EndGlobalSection
	GlobalSection(SolutionProperties) = preSolution
		HideSolutionNode = FALSE
	EndGlobalSection
	GlobalSection(ExtensibilityGlobals) = postSolution
		SolutionGuid = {FB234F32-DC6C-462A-9D47-B94F204E07A8}
	EndGlobalSection
EndGlobal
