
Microsoft Visual Studio Solution File, Format Version 12.00
# Visual Studio Version 17
VisualStudioVersion = 17.14.36121.58 d17.14
MinimumVisualStudioVersion = 10.0.40219.1
Project("{FAE04EC0-301F-11D3-BF4B-00C04F79EFBC}") = "TPINT_PERSONAL", "TPINT_PERSONAL\TPINT_PERSONAL.csproj", "{5F14E839-E37B-4469-B3C6-954E281AA16C}"
EndProject
Global
	GlobalSection(SolutionConfigurationPlatforms) = preSolution
		Debug|Any CPU = Debug|Any CPU
		Release|Any CPU = Release|Any CPU
	EndGlobalSection
	GlobalSection(ProjectConfigurationPlatforms) = postSolution
		{5F14E839-E37B-4469-B3C6-954E281AA16C}.Debug|Any CPU.ActiveCfg = Debug|Any CPU
		{5F14E839-E37B-4469-B3C6-954E281AA16C}.Debug|Any CPU.Build.0 = Debug|Any CPU
		{5F14E839-E37B-4469-B3C6-954E281AA16C}.Release|Any CPU.ActiveCfg = Release|Any CPU
		{5F14E839-E37B-4469-B3C6-954E281AA16C}.Release|Any CPU.Build.0 = Release|Any CPU
	EndGlobalSection
	GlobalSection(SolutionProperties) = preSolution
		HideSolutionNode = FALSE
	EndGlobalSection
	GlobalSection(ExtensibilityGlobals) = postSolution
		SolutionGuid = {FB234F32-DC6C-462A-9D47-B94F204E07A8}
	EndGlobalSection
EndGlobal
